
Microsoft Visual Studio Solution File, Format Version 12.00
# Visual Studio Version 17
VisualStudioVersion = 17.7.34024.191
MinimumVisualStudioVersion = 10.0.40219.1
Project("{9A19103F-16F7-4668-BE54-9A1E7A4F7556}") = "CSRedis", "CSRedis.csproj", "{288CFA25-AAA9-4330-8969-2EB71083B491}"
EndProject
Project("{9A19103F-16F7-4668-BE54-9A1E7A4F7556}") = "Get", "..\Get\Get.csproj", "{78D81DAE-0562-457C-A6D1-17EFDE4B027F}"
EndProject
Project("{9A19103F-16F7-4668-BE54-9A1E7A4F7556}") = "Set", "..\Set\Set.csproj", "{037D516D-092F-44DC-A271-12B60E0F1528}"
EndProject
Project("{FAE04EC0-301F-11D3-BF4B-00C04F79EFBC}") = "Mget", "..\Mget\Mget.csproj", "{3DC2DC40-832A-4C6E-AFA2-228E1DAFB46F}"
EndProject
Global
	GlobalSection(SolutionConfigurationPlatforms) = preSolution
		Debug|Any CPU = Debug|Any CPU
		Release|Any CPU = Release|Any CPU
	EndGlobalSection
	GlobalSection(ProjectConfigurationPlatforms) = postSolution
		{288CFA25-AAA9-4330-8969-2EB71083B491}.Debug|Any CPU.ActiveCfg = Debug|Any CPU
		{288CFA25-AAA9-4330-8969-2EB71083B491}.Debug|Any CPU.Build.0 = Debug|Any CPU
		{288CFA25-AAA9-4330-8969-2EB71083B491}.Release|Any CPU.ActiveCfg = Release|Any CPU
		{288CFA25-AAA9-4330-8969-2EB71083B491}.Release|Any CPU.Build.0 = Release|Any CPU
		{78D81DAE-0562-457C-A6D1-17EFDE4B027F}.Debug|Any CPU.ActiveCfg = Debug|Any CPU
		{78D81DAE-0562-457C-A6D1-17EFDE4B027F}.Debug|Any CPU.Build.0 = Debug|Any CPU
		{78D81DAE-0562-457C-A6D1-17EFDE4B027F}.Release|Any CPU.ActiveCfg = Release|Any CPU
		{78D81DAE-0562-457C-A6D1-17EFDE4B027F}.Release|Any CPU.Build.0 = Release|Any CPU
		{037D516D-092F-44DC-A271-12B60E0F1528}.Debug|Any CPU.ActiveCfg = Debug|Any CPU
		{037D516D-092F-44DC-A271-12B60E0F1528}.Debug|Any CPU.Build.0 = Debug|Any CPU
		{037D516D-092F-44DC-A271-12B60E0F1528}.Release|Any CPU.ActiveCfg = Release|Any CPU
		{037D516D-092F-44DC-A271-12B60E0F1528}.Release|Any CPU.Build.0 = Release|Any CPU
		{3DC2DC40-832A-4C6E-AFA2-228E1DAFB46F}.Debug|Any CPU.ActiveCfg = Debug|Any CPU
		{3DC2DC40-832A-4C6E-AFA2-228E1DAFB46F}.Debug|Any CPU.Build.0 = Debug|Any CPU
		{3DC2DC40-832A-4C6E-AFA2-228E1DAFB46F}.Release|Any CPU.ActiveCfg = Release|Any CPU
		{3DC2DC40-832A-4C6E-AFA2-228E1DAFB46F}.Release|Any CPU.Build.0 = Release|Any CPU
	EndGlobalSection
	GlobalSection(SolutionProperties) = preSolution
		HideSolutionNode = FALSE
	EndGlobalSection
	GlobalSection(ExtensibilityGlobals) = postSolution
		SolutionGuid = {5881F5E7-C033-4947-8730-6AB849291EB2}
	EndGlobalSection
EndGlobal
